
Microsoft Visual Studio Solution File, Format Version 12.00
# Visual Studio Version 17
VisualStudioVersion = 17.14.37111.16 d17.14
MinimumVisualStudioVersion = 10.0.40219.1
Project("{8BC9CEB8-8B4A-11D0-8D11-00A0C91BC942}") = "L20260827", "L20260827.vcxproj", "{13CEFEAF-6582-4625-8566-E0D563E4A7E3}"
EndProject
Global
	GlobalSection(SolutionConfigurationPlatforms) = preSolution
		Debug|x64 = Debug|x64
		Debug|x86 = Debug|x86
		Release|x64 = Release|x64
		Release|x86 = Release|x86
	EndGlobalSection
	GlobalSection(ProjectConfigurationPlatforms) = postSolution
		{13CEFEAF-6582-4625-8566-E0D563E4A7E3}.Debug|x64.ActiveCfg = Debug|x64
		{13CEFEAF-6582-4625-8566-E0D563E4A7E3}.Debug|x64.Build.0 = Debug|x64
		{13CEFEAF-6582-4625-8566-E0D563E4A7E3}.Debug|x86.ActiveCfg = Debug|Win32
		{13CEFEAF-6582-4625-8566-E0D563E4A7E3}.Debug|x86.Build.0 = Debug|Win32
		{13CEFEAF-6582-4625-8566-E0D563E4A7E3}.Release|x64.ActiveCfg = Release|x64
		{13CEFEAF-6582-4625-8566-E0D563E4A7E3}.Release|x64.Build.0 = Release|x64
		{13CEFEAF-6582-4625-8566-E0D563E4A7E3}.Release|x86.ActiveCfg = Release|Win32
		{13CEFEAF-6582-4625-8566-E0D563E4A7E3}.Release|x86.Build.0 = Release|Win32
	EndGlobalSection
	GlobalSection(SolutionProperties) = preSolution
		HideSolutionNode = FALSE
	EndGlobalSection
	GlobalSection(ExtensibilityGlobals) = postSolution
		SolutionGuid = {FBCCF184-BAF3-4C88-AD28-F5E3BD8C09D5}
	EndGlobalSection
EndGlobal
